
Microsoft Visual Studio Solution File, Format Version 12.00
# Visual Studio Version 17
VisualStudioVersion = 17.0.31903.59
MinimumVisualStudioVersion = 10.0.40219.1
Project("{9A19103F-16F7-4668-BE54-9A1E7A4F7556}") = "IdentityApp", "IdentityApp.csproj", "{230A0D8B-7995-4F9F-B5D5-9ADEA1103A10}"
EndProject
Global
	GlobalSection(SolutionConfigurationPlatforms) = preSolution
		Debug|Any CPU = Debug|Any CPU
		Release|Any CPU = Release|Any CPU
	EndGlobalSection
	GlobalSection(ProjectConfigurationPlatforms) = postSolution
		{230A0D8B-7995-4F9F-B5D5-9ADEA1103A10}.Debug|Any CPU.ActiveCfg = Debug|Any CPU
		{230A0D8B-7995-4F9F-B5D5-9ADEA1103A10}.Debug|Any CPU.Build.0 = Debug|Any CPU
		{230A0D8B-7995-4F9F-B5D5-9ADEA1103A10}.Release|Any CPU.ActiveCfg = Release|Any CPU
		{230A0D8B-7995-4F9F-B5D5-9ADEA1103A10}.Release|Any CPU.Build.0 = Release|Any CPU
	EndGlobalSection
	GlobalSection(SolutionProperties) = preSolution
		HideSolutionNode = FALSE
	EndGlobalSection
	GlobalSection(ExtensibilityGlobals) = postSolution
		SolutionGuid = {96C5C2CB-0BB9-4CC3-ACB9-457629B936AC}
	EndGlobalSection
EndGlobal
